
Microsoft Visual Studio Solution File, Format Version 12.00
# Visual Studio Version 17
VisualStudioVersion = 17.7.34221.43
MinimumVisualStudioVersion = 10.0.40219.1
Project("{9A19103F-16F7-4668-BE54-9A1E7A4F7556}") = "BestMovies", "BestMovies.csproj", "{81097B3E-CC8F-4957-BD13-AC0E8B152E2E}"
EndProject
Project("{FAE04EC0-301F-11D3-BF4B-00C04F79EFBC}") = "BestMovies.Test", "BestMovies.Test\BestMovies.Test.csproj", "{F30E5097-F727-4B6F-9645-FEE999F1D190}"
EndProject
Global
	GlobalSection(SolutionConfigurationPlatforms) = preSolution
		Debug|Any CPU = Debug|Any CPU
		Release|Any CPU = Release|Any CPU
	EndGlobalSection
	GlobalSection(ProjectConfigurationPlatforms) = postSolution
		{81097B3E-CC8F-4957-BD13-AC0E8B152E2E}.Debug|Any CPU.ActiveCfg = Debug|Any CPU
		{81097B3E-CC8F-4957-BD13-AC0E8B152E2E}.Debug|Any CPU.Build.0 = Debug|Any CPU
		{81097B3E-CC8F-4957-BD13-AC0E8B152E2E}.Release|Any CPU.ActiveCfg = Release|Any CPU
		{81097B3E-CC8F-4957-BD13-AC0E8B152E2E}.Release|Any CPU.Build.0 = Release|Any CPU
		{F30E5097-F727-4B6F-9645-FEE999F1D190}.Debug|Any CPU.ActiveCfg = Debug|Any CPU
		{F30E5097-F727-4B6F-9645-FEE999F1D190}.Debug|Any CPU.Build.0 = Debug|Any CPU
		{F30E5097-F727-4B6F-9645-FEE999F1D190}.Release|Any CPU.ActiveCfg = Release|Any CPU
		{F30E5097-F727-4B6F-9645-FEE999F1D190}.Release|Any CPU.Build.0 = Release|Any CPU
	EndGlobalSection
	GlobalSection(SolutionProperties) = preSolution
		HideSolutionNode = FALSE
	EndGlobalSection
	GlobalSection(ExtensibilityGlobals) = postSolution
		SolutionGuid = {C32096C4-EECB-415E-B0C1-A4EF85387FB0}
	EndGlobalSection
EndGlobal
